# THIS IS AN AUTOGENERATED FILE. DO NOT EDIT THIS FILE DIRECTLY.
# yarn lockfile v1


react-faq-component@^1.3.4:
  version "1.3.4"
  resolved "https://registry.yarnpkg.com/react-faq-component/-/react-faq-component-1.3.4.tgz#aebb3d5809a0c312f80d4697d9efb4c2eaabbc2c"
  integrity sha512-oRXUfdr5OItsW4fRp5RMIUh4P2G1PAVMlFizWGR3ecwuCiNv/Akjx63yeOBrupCfh4AYqumPvQ3+hhKdxNkvxw==
